<?xml version="1.0" encoding="utf-8"?>
<Project ToolsVersion="4.0" xmlns="http://schemas.microsoft.com/developer/msbuild/2003">
  <ItemGroup>
    <Filter Include="Source Files">
      <UniqueIdentifier>{4FC737F1-C7A5-4376-A066-2A32D752A2FF}</UniqueIdentifier>
      <Extensions>cpp;c;cc;cxx;def;odl;idl;hpj;bat;asm;asmx</Extensions>
    </Filter>
    <Filter Include="Header Files">
      <UniqueIdentifier>{93995380-89BD-4b04-88EB-625FBE52EBFB}</UniqueIdentifier>
      <Extensions>h;hh;hpp;hxx;hm;inl;inc;xsd</Extensions>
    </Filter>
    <Filter Include="Resource Files">
      <UniqueIdentifier>{67DA6AB6-F800-4c08-8B7A-83BB121AAD01}</UniqueIdentifier>
      <Extensions>rc;ico;cur;bmp;dlg;rc2;rct;bin;rgs;gif;jpg;jpeg;jpe;resx;tiff;tif;png;wav;mfcribbon-ms</Extensions>
    </Filter>
  </ItemGroup>
  <ItemGroup>
    <ClInclude Include="Libraries\stb_image.h">
      <Filter>Header Files</Filter>
    </ClInclude>
    <ClInclude Include="Camera.h">
      <Filter>Header Files</Filter>
    </ClInclude>
    <ClInclude Include="Shader.h">
      <Filter>Header Files</Filter>
    </ClInclude>
    <ClInclude Include="Texture2D.h">
      <Filter>Header Files</Filter>
    </ClInclude>
    <ClInclude Include="Utilities.h">
      <Filter>Header Files</Filter>
    </ClInclude>
  </ItemGroup>
  <ItemGroup>
    <ClCompile Include="Libraries\glad.c">
      <Filter>Source Files</Filter>
    </ClCompile>
    <ClCompile Include="Libraries\stb_image.cpp">
      <Filter>Source Files</Filter>
    </ClCompile>
    <ClCompile Include="1.HelloWindow.cpp">
      <Filter>Source Files</Filter>
    </ClCompile>
    <ClCompile Include="2.HelloTriangle.cpp">
      <Filter>Source Files</Filter>
    </ClCompile>
    <ClCompile Include="2.HelloTriangleChallenge1.cpp">
      <Filter>Source Files</Filter>
    </ClCompile>
    <ClCompile Include="2.HelloTriangleChallenge2.cpp">
      <Filter>Source Files</Filter>
    </ClCompile>
    <ClCompile Include="2.HelloTriangleChallenge3.cpp">
      <Filter>Source Files</Filter>
    </ClCompile>
    <ClCompile Include="2.HelloTrianglePractice4.cpp">
      <Filter>Source Files</Filter>
    </ClCompile>
    <ClCompile Include="3.Shaders.cpp">
      <Filter>Source Files</Filter>
    </ClCompile>
    <ClCompile Include="4.TextureChallenge2.cpp">
      <Filter>Source Files</Filter>
    </ClCompile>
    <ClCompile Include="4.TextureChallenge3.cpp">
      <Filter>Source Files</Filter>
    </ClCompile>
    <ClCompile Include="4.TextureChallenge4.cpp">
      <Filter>Source Files</Filter>
    </ClCompile>
    <ClCompile Include="4.Textures.cpp">
      <Filter>Source Files</Filter>
    </ClCompile>
    <ClCompile Include="4.TexturesChallenge1.cpp">
      <Filter>Source Files</Filter>
    </ClCompile>
    <ClCompile Include="5.Transformations.cpp">
      <Filter>Source Files</Filter>
    </ClCompile>
    <ClCompile Include="5.TransformationsCH1.cpp">
      <Filter>Source Files</Filter>
    </ClCompile>
    <ClCompile Include="5.TransformationsCH2.cpp">
      <Filter>Source Files</Filter>
    </ClCompile>
    <ClCompile Include="6.CoordinateSystems.cpp">
      <Filter>Source Files</Filter>
    </ClCompile>
    <ClCompile Include="6.CoordinateSystemsChallenge1.cpp">
      <Filter>Source Files</Filter>
    </ClCompile>
    <ClCompile Include="6.CoordinateSystemsChallenge2.cpp">
      <Filter>Source Files</Filter>
    </ClCompile>
    <ClCompile Include="6.CoordinateSystemsChallenge3.cpp">
      <Filter>Source Files</Filter>
    </ClCompile>
    <ClCompile Include="6.CoordinateSystemsPt2.cpp">
      <Filter>Source Files</Filter>
    </ClCompile>
    <ClCompile Include="6.CoordinateSystemsPt3.cpp">
      <Filter>Source Files</Filter>
    </ClCompile>
    <ClCompile Include="7.1Review.cpp">
      <Filter>Source Files</Filter>
    </ClCompile>
    <ClCompile Include="7.CameraPt1.cpp">
      <Filter>Source Files</Filter>
    </ClCompile>
    <ClCompile Include="7.CameraPt2.cpp">
      <Filter>Source Files</Filter>
    </ClCompile>
    <ClCompile Include="7.CameraPt3.cpp">
      <Filter>Source Files</Filter>
    </ClCompile>
    <ClCompile Include="7.CameraX1.cpp">
      <Filter>Source Files</Filter>
    </ClCompile>
    <ClCompile Include="7.CameraX2.cpp">
      <Filter>Source Files</Filter>
    </ClCompile>
    <ClCompile Include="8.ColorsPt1.cpp">
      <Filter>Source Files</Filter>
    </ClCompile>
    <ClCompile Include="9.BasicLighting1.cpp">
      <Filter>Source Files</Filter>
    </ClCompile>
    <ClCompile Include="Camera.cpp">
      <Filter>Source Files</Filter>
    </ClCompile>
    <ClCompile Include="RenderToFrameBufferTests.cpp">
      <Filter>Source Files</Filter>
    </ClCompile>
    <ClCompile Include="Shader.cpp">
      <Filter>Source Files</Filter>
    </ClCompile>
    <ClCompile Include="StencilTesting.cpp">
      <Filter>Source Files</Filter>
    </ClCompile>
    <ClCompile Include="Texture2D.cpp">
      <Filter>Source Files</Filter>
    </ClCompile>
    <ClCompile Include="Utilities.cpp">
      <Filter>Source Files</Filter>
    </ClCompile>
  </ItemGroup>
  <ItemGroup>
    <None Include="3.DFlippedVertexShader_Challenge1.glsl" />
    <None Include="3.EOffsetUniformFragShader.glsl" />
    <None Include="3.FVertexOutToFragForColor.glsl" />
    <None Include="3a.FragWithSingleIn.glsl" />
    <None Include="3a.VertWithSingleOut.glsl" />
    <None Include="3b.FragShaderWithUniform.glsl" />
    <None Include="3c.2AtribFragShader.glsl" />
    <None Include="3c.2AtribVertShader.glsl" />
    <None Include="4. CH1_FragShader.glsl" />
    <None Include="4. CH2_FragShader.glsl" />
    <None Include="4. CH2_VertShader.glsl" />
    <None Include="4. FragShader_3attribs_pos_color_texcoord.glsl" />
    <None Include="4. VertShader_3attribs_pos_color_texcoord.glsl" />
    <None Include="4.CH4_FragShaderArrowKeys.glsl" />
    <None Include="4.CH4_VertShaderArrowKeys.glsl" />
    <None Include="5.FragShader.glsl" />
    <None Include="5.VertShader.glsl" />
    <None Include="6.FragShader.glsl" />
    <None Include="6.FragShader2.glsl" />
    <None Include="6.VertShader.glsl" />
    <None Include="6.VertShader2.glsl" />
    <None Include="8.ColorTutFragShader1.glsl" />
    <None Include="8.ColorTutVertShader1.glsl" />
    <None Include="8.LightSourceFragShader.glsl" />
    <None Include="9.AmbientLight.fs" />
    <None Include="9.BasicLight.vs" />
    <None Include="9.DiffuseAmbient.fs" />
    <None Include="9.PhongShader_SpecularDiffuseAmbient.fs" />
    <None Include="BasicFragShader.glsl" />
    <None Include="BasicVertexShader.glsl" />
    <None Include="FrameBufferFrag.glsl" />
    <None Include="SingleColorFrag.glsl" />
  </ItemGroup>
</Project>