
Microsoft Visual Studio Solution File, Format Version 12.00
# Visual Studio 15
VisualStudioVersion = 15.0.27130.2027
MinimumVisualStudioVersion = 10.0.40219.1
Project("{8BC9CEB8-8B4A-11D0-8D11-00A0C91BC942}") = "Space_Battle_Arcade", "Space_Battle_Arcade\Space_Battle_Arcade.vcxproj", "{75FBBF4F-C641-4888-8D02-7E1F9D555E11}"
EndProject
Global
	GlobalSection(SolutionConfigurationPlatforms) = preSolution
		Debug|x64 = Debug|x64
		Debug|x86 = Debug|x86
		Release|x64 = Release|x64
		Release|x86 = Release|x86
	EndGlobalSection
	GlobalSection(ProjectConfigurationPlatforms) = postSolution
		{75FBBF4F-C641-4888-8D02-7E1F9D555E11}.Debug|x64.ActiveCfg = Debug|x64
		{75FBBF4F-C641-4888-8D02-7E1F9D555E11}.Debug|x64.Build.0 = Debug|x64
		{75FBBF4F-C641-4888-8D02-7E1F9D555E11}.Debug|x86.ActiveCfg = Debug|Win32
		{75FBBF4F-C641-4888-8D02-7E1F9D555E11}.Debug|x86.Build.0 = Debug|Win32
		{75FBBF4F-C641-4888-8D02-7E1F9D555E11}.Release|x64.ActiveCfg = Release|x64
		{75FBBF4F-C641-4888-8D02-7E1F9D555E11}.Release|x64.Build.0 = Release|x64
		{75FBBF4F-C641-4888-8D02-7E1F9D555E11}.Release|x86.ActiveCfg = Release|Win32
		{75FBBF4F-C641-4888-8D02-7E1F9D555E11}.Release|x86.Build.0 = Release|Win32
	EndGlobalSection
	GlobalSection(SolutionProperties) = preSolution
		HideSolutionNode = FALSE
	EndGlobalSection
	GlobalSection(ExtensibilityGlobals) = postSolution
		SolutionGuid = {31452F58-5B63-4BFC-8E51-69B9D433E4D2}
	EndGlobalSection
EndGlobal
